
Microsoft Visual Studio Solution File, Format Version 12.00
# Visual Studio Version 17
VisualStudioVersion = 17.7.34031.279
MinimumVisualStudioVersion = 10.0.40219.1
Project("{8BC9CEB8-8B4A-11D0-8D11-00A0C91BC942}") = "laba1", "laba1\laba1.vcxproj", "{B338C645-2A9D-409F-8A97-708D8F1E2484}"
EndProject
Global
	GlobalSection(SolutionConfigurationPlatforms) = preSolution
		Debug|x64 = Debug|x64
		Debug|x86 = Debug|x86
		Release|x64 = Release|x64
		Release|x86 = Release|x86
	EndGlobalSection
	GlobalSection(ProjectConfigurationPlatforms) = postSolution
		{B338C645-2A9D-409F-8A97-708D8F1E2484}.Debug|x64.ActiveCfg = Debug|x64
		{B338C645-2A9D-409F-8A97-708D8F1E2484}.Debug|x64.Build.0 = Debug|x64
		{B338C645-2A9D-409F-8A97-708D8F1E2484}.Debug|x86.ActiveCfg = Debug|Win32
		{B338C645-2A9D-409F-8A97-708D8F1E2484}.Debug|x86.Build.0 = Debug|Win32
		{B338C645-2A9D-409F-8A97-708D8F1E2484}.Release|x64.ActiveCfg = Release|x64
		{B338C645-2A9D-409F-8A97-708D8F1E2484}.Release|x64.Build.0 = Release|x64
		{B338C645-2A9D-409F-8A97-708D8F1E2484}.Release|x86.ActiveCfg = Release|Win32
		{B338C645-2A9D-409F-8A97-708D8F1E2484}.Release|x86.Build.0 = Release|Win32
	EndGlobalSection
	GlobalSection(SolutionProperties) = preSolution
		HideSolutionNode = FALSE
	EndGlobalSection
	GlobalSection(ExtensibilityGlobals) = postSolution
		SolutionGuid = {DE035F25-2445-45D1-A6CD-2A4EDD14E2DA}
	EndGlobalSection
EndGlobal
